
Microsoft Visual Studio Solution File, Format Version 12.00
# Visual Studio Version 17
VisualStudioVersion = 17.2.32630.192
MinimumVisualStudioVersion = 10.0.40219.1
Project("{FAE04EC0-301F-11D3-BF4B-00C04F79EFBC}") = "bootstrapperv2", "bootstrapperv2\bootstrapperv2.csproj", "{0400788D-E634-46A5-9F56-EF21035F30D2}"
EndProject
Global
	GlobalSection(SolutionConfigurationPlatforms) = preSolution
		Debug|Any CPU = Debug|Any CPU
		Release|Any CPU = Release|Any CPU
	EndGlobalSection
	GlobalSection(ProjectConfigurationPlatforms) = postSolution
		{0400788D-E634-46A5-9F56-EF21035F30D2}.Debug|Any CPU.ActiveCfg = Debug|Any CPU
		{0400788D-E634-46A5-9F56-EF21035F30D2}.Debug|Any CPU.Build.0 = Debug|Any CPU
		{0400788D-E634-46A5-9F56-EF21035F30D2}.Release|Any CPU.ActiveCfg = Release|Any CPU
		{0400788D-E634-46A5-9F56-EF21035F30D2}.Release|Any CPU.Build.0 = Release|Any CPU
	EndGlobalSection
	GlobalSection(SolutionProperties) = preSolution
		HideSolutionNode = FALSE
	EndGlobalSection
	GlobalSection(ExtensibilityGlobals) = postSolution
		SolutionGuid = {1D07FE2B-15DB-471F-9756-B69C7D6B182E}
	EndGlobalSection
EndGlobal
